
Microsoft Visual Studio Solution File, Format Version 12.00
# Visual Studio Version 17
VisualStudioVersion = 17.0.31903.59
MinimumVisualStudioVersion = 10.0.40219.1
Project("{FAE04EC0-301F-11D3-BF4B-00C04F79EFBC}") = "CQRS.Core", "..\CQRS-ES\CQRS.Core\CQRS.Core.csproj", "{E211F385-0405-430D-AB91-899FD24F8CC3}"
EndProject
Project("{2150E333-8FDC-42A3-9474-1A3956D46DE8}") = "Post.Cmd", "Post.Cmd", "{628A6728-8FD2-2F2B-CBE6-CFCE3CD15DEA}"
EndProject
Project("{FAE04EC0-301F-11D3-BF4B-00C04F79EFBC}") = "Post.Cmd.Api", "Post.Cmd\Post.Cmd.Api\Post.Cmd.Api.csproj", "{2776EEDD-E18D-4456-AD31-FD83DAF55640}"
EndProject
Project("{FAE04EC0-301F-11D3-BF4B-00C04F79EFBC}") = "Post.Cmd.Domain", "Post.Cmd\Post.Cmd.Domain\Post.Cmd.Domain.csproj", "{DA14DE79-6455-4346-8532-72ABDB62488F}"
EndProject
Project("{FAE04EC0-301F-11D3-BF4B-00C04F79EFBC}") = "Post.Cmd.Infrastructure", "Post.Cmd\Post.Cmd.Infrastructure\Post.Cmd.Infrastructure.csproj", "{849C992F-40C1-49B1-B8DA-1707436BDC18}"
EndProject
Project("{2150E333-8FDC-42A3-9474-1A3956D46DE8}") = "Post.Query", "Post.Query", "{0D502CB4-2678-4901-9B60-A74053C7BF91}"
EndProject
Project("{FAE04EC0-301F-11D3-BF4B-00C04F79EFBC}") = "Post.Query.Api", "Post.Query\Post.Query.Api\Post.Query.Api.csproj", "{86B7B76D-939E-43CB-B0D1-7204720F1D2B}"
EndProject
Project("{FAE04EC0-301F-11D3-BF4B-00C04F79EFBC}") = "Post.Query.Domain", "Post.Query\Post.Query.Domain\Post.Query.Domain.csproj", "{46A25055-67E2-4E15-B69D-71C518A6E218}"
EndProject
Project("{FAE04EC0-301F-11D3-BF4B-00C04F79EFBC}") = "Post.Query.Infrastructure", "Post.Query\Post.Query.Infrastructure\Post.Query.Infrastructure.csproj", "{38FC16B0-2ECD-4481-AFF1-DAD1E60AA775}"
EndProject
Global
	GlobalSection(SolutionConfigurationPlatforms) = preSolution
		Debug|Any CPU = Debug|Any CPU
		Debug|x64 = Debug|x64
		Debug|x86 = Debug|x86
		Release|Any CPU = Release|Any CPU
		Release|x64 = Release|x64
		Release|x86 = Release|x86
	EndGlobalSection
	GlobalSection(ProjectConfigurationPlatforms) = postSolution
		{E211F385-0405-430D-AB91-899FD24F8CC3}.Debug|Any CPU.ActiveCfg = Debug|Any CPU
		{E211F385-0405-430D-AB91-899FD24F8CC3}.Debug|Any CPU.Build.0 = Debug|Any CPU
		{E211F385-0405-430D-AB91-899FD24F8CC3}.Debug|x64.ActiveCfg = Debug|Any CPU
		{E211F385-0405-430D-AB91-899FD24F8CC3}.Debug|x64.Build.0 = Debug|Any CPU
		{E211F385-0405-430D-AB91-899FD24F8CC3}.Debug|x86.ActiveCfg = Debug|Any CPU
		{E211F385-0405-430D-AB91-899FD24F8CC3}.Debug|x86.Build.0 = Debug|Any CPU
		{E211F385-0405-430D-AB91-899FD24F8CC3}.Release|Any CPU.ActiveCfg = Release|Any CPU
		{E211F385-0405-430D-AB91-899FD24F8CC3}.Release|Any CPU.Build.0 = Release|Any CPU
		{E211F385-0405-430D-AB91-899FD24F8CC3}.Release|x64.ActiveCfg = Release|Any CPU
		{E211F385-0405-430D-AB91-899FD24F8CC3}.Release|x64.Build.0 = Release|Any CPU
		{E211F385-0405-430D-AB91-899FD24F8CC3}.Release|x86.ActiveCfg = Release|Any CPU
		{E211F385-0405-430D-AB91-899FD24F8CC3}.Release|x86.Build.0 = Release|Any CPU
		{2776EEDD-E18D-4456-AD31-FD83DAF55640}.Debug|Any CPU.ActiveCfg = Debug|Any CPU
		{2776EEDD-E18D-4456-AD31-FD83DAF55640}.Debug|Any CPU.Build.0 = Debug|Any CPU
		{2776EEDD-E18D-4456-AD31-FD83DAF55640}.Debug|x64.ActiveCfg = Debug|Any CPU
		{2776EEDD-E18D-4456-AD31-FD83DAF55640}.Debug|x64.Build.0 = Debug|Any CPU
		{2776EEDD-E18D-4456-AD31-FD83DAF55640}.Debug|x86.ActiveCfg = Debug|Any CPU
		{2776EEDD-E18D-4456-AD31-FD83DAF55640}.Debug|x86.Build.0 = Debug|Any CPU
		{2776EEDD-E18D-4456-AD31-FD83DAF55640}.Release|Any CPU.ActiveCfg = Release|Any CPU
		{2776EEDD-E18D-4456-AD31-FD83DAF55640}.Release|Any CPU.Build.0 = Release|Any CPU
		{2776EEDD-E18D-4456-AD31-FD83DAF55640}.Release|x64.ActiveCfg = Release|Any CPU
		{2776EEDD-E18D-4456-AD31-FD83DAF55640}.Release|x64.Build.0 = Release|Any CPU
		{2776EEDD-E18D-4456-AD31-FD83DAF55640}.Release|x86.ActiveCfg = Release|Any CPU
		{2776EEDD-E18D-4456-AD31-FD83DAF55640}.Release|x86.Build.0 = Release|Any CPU
		{DA14DE79-6455-4346-8532-72ABDB62488F}.Debug|Any CPU.ActiveCfg = Debug|Any CPU
		{DA14DE79-6455-4346-8532-72ABDB62488F}.Debug|Any CPU.Build.0 = Debug|Any CPU
		{DA14DE79-6455-4346-8532-72ABDB62488F}.Debug|x64.ActiveCfg = Debug|Any CPU
		{DA14DE79-6455-4346-8532-72ABDB62488F}.Debug|x64.Build.0 = Debug|Any CPU
		{DA14DE79-6455-4346-8532-72ABDB62488F}.Debug|x86.ActiveCfg = Debug|Any CPU
		{DA14DE79-6455-4346-8532-72ABDB62488F}.Debug|x86.Build.0 = Debug|Any CPU
		{DA14DE79-6455-4346-8532-72ABDB62488F}.Release|Any CPU.ActiveCfg = Release|Any CPU
		{DA14DE79-6455-4346-8532-72ABDB62488F}.Release|Any CPU.Build.0 = Release|Any CPU
		{DA14DE79-6455-4346-8532-72ABDB62488F}.Release|x64.ActiveCfg = Release|Any CPU
		{DA14DE79-6455-4346-8532-72ABDB62488F}.Release|x64.Build.0 = Release|Any CPU
		{DA14DE79-6455-4346-8532-72ABDB62488F}.Release|x86.ActiveCfg = Release|Any CPU
		{DA14DE79-6455-4346-8532-72ABDB62488F}.Release|x86.Build.0 = Release|Any CPU
		{849C992F-40C1-49B1-B8DA-1707436BDC18}.Debug|Any CPU.ActiveCfg = Debug|Any CPU
		{849C992F-40C1-49B1-B8DA-1707436BDC18}.Debug|Any CPU.Build.0 = Debug|Any CPU
		{849C992F-40C1-49B1-B8DA-1707436BDC18}.Debug|x64.ActiveCfg = Debug|Any CPU
		{849C992F-40C1-49B1-B8DA-1707436BDC18}.Debug|x64.Build.0 = Debug|Any CPU
		{849C992F-40C1-49B1-B8DA-1707436BDC18}.Debug|x86.ActiveCfg = Debug|Any CPU
		{849C992F-40C1-49B1-B8DA-1707436BDC18}.Debug|x86.Build.0 = Debug|Any CPU
		{849C992F-40C1-49B1-B8DA-1707436BDC18}.Release|Any CPU.ActiveCfg = Release|Any CPU
		{849C992F-40C1-49B1-B8DA-1707436BDC18}.Release|Any CPU.Build.0 = Release|Any CPU
		{849C992F-40C1-49B1-B8DA-1707436BDC18}.Release|x64.ActiveCfg = Release|Any CPU
		{849C992F-40C1-49B1-B8DA-1707436BDC18}.Release|x64.Build.0 = Release|Any CPU
		{849C992F-40C1-49B1-B8DA-1707436BDC18}.Release|x86.ActiveCfg = Release|Any CPU
		{849C992F-40C1-49B1-B8DA-1707436BDC18}.Release|x86.Build.0 = Release|Any CPU
		{86B7B76D-939E-43CB-B0D1-7204720F1D2B}.Debug|Any CPU.ActiveCfg = Debug|Any CPU
		{86B7B76D-939E-43CB-B0D1-7204720F1D2B}.Debug|Any CPU.Build.0 = Debug|Any CPU
		{86B7B76D-939E-43CB-B0D1-7204720F1D2B}.Debug|x64.ActiveCfg = Debug|Any CPU
		{86B7B76D-939E-43CB-B0D1-7204720F1D2B}.Debug|x64.Build.0 = Debug|Any CPU
		{86B7B76D-939E-43CB-B0D1-7204720F1D2B}.Debug|x86.ActiveCfg = Debug|Any CPU
		{86B7B76D-939E-43CB-B0D1-7204720F1D2B}.Debug|x86.Build.0 = Debug|Any CPU
		{86B7B76D-939E-43CB-B0D1-7204720F1D2B}.Release|Any CPU.ActiveCfg = Release|Any CPU
		{86B7B76D-939E-43CB-B0D1-7204720F1D2B}.Release|Any CPU.Build.0 = Release|Any CPU
		{86B7B76D-939E-43CB-B0D1-7204720F1D2B}.Release|x64.ActiveCfg = Release|Any CPU
		{86B7B76D-939E-43CB-B0D1-7204720F1D2B}.Release|x64.Build.0 = Release|Any CPU
		{86B7B76D-939E-43CB-B0D1-7204720F1D2B}.Release|x86.ActiveCfg = Release|Any CPU
		{86B7B76D-939E-43CB-B0D1-7204720F1D2B}.Release|x86.Build.0 = Release|Any CPU
		{46A25055-67E2-4E15-B69D-71C518A6E218}.Debug|Any CPU.ActiveCfg = Debug|Any CPU
		{46A25055-67E2-4E15-B69D-71C518A6E218}.Debug|Any CPU.Build.0 = Debug|Any CPU
		{46A25055-67E2-4E15-B69D-71C518A6E218}.Debug|x64.ActiveCfg = Debug|Any CPU
		{46A25055-67E2-4E15-B69D-71C518A6E218}.Debug|x64.Build.0 = Debug|Any CPU
		{46A25055-67E2-4E15-B69D-71C518A6E218}.Debug|x86.ActiveCfg = Debug|Any CPU
		{46A25055-67E2-4E15-B69D-71C518A6E218}.Debug|x86.Build.0 = Debug|Any CPU
		{46A25055-67E2-4E15-B69D-71C518A6E218}.Release|Any CPU.ActiveCfg = Release|Any CPU
		{46A25055-67E2-4E15-B69D-71C518A6E218}.Release|Any CPU.Build.0 = Release|Any CPU
		{46A25055-67E2-4E15-B69D-71C518A6E218}.Release|x64.ActiveCfg = Release|Any CPU
		{46A25055-67E2-4E15-B69D-71C518A6E218}.Release|x64.Build.0 = Release|Any CPU
		{46A25055-67E2-4E15-B69D-71C518A6E218}.Release|x86.ActiveCfg = Release|Any CPU
		{46A25055-67E2-4E15-B69D-71C518A6E218}.Release|x86.Build.0 = Release|Any CPU
		{38FC16B0-2ECD-4481-AFF1-DAD1E60AA775}.Debug|Any CPU.ActiveCfg = Debug|Any CPU
		{38FC16B0-2ECD-4481-AFF1-DAD1E60AA775}.Debug|Any CPU.Build.0 = Debug|Any CPU
		{38FC16B0-2ECD-4481-AFF1-DAD1E60AA775}.Debug|x64.ActiveCfg = Debug|Any CPU
		{38FC16B0-2ECD-4481-AFF1-DAD1E60AA775}.Debug|x64.Build.0 = Debug|Any CPU
		{38FC16B0-2ECD-4481-AFF1-DAD1E60AA775}.Debug|x86.ActiveCfg = Debug|Any CPU
		{38FC16B0-2ECD-4481-AFF1-DAD1E60AA775}.Debug|x86.Build.0 = Debug|Any CPU
		{38FC16B0-2ECD-4481-AFF1-DAD1E60AA775}.Release|Any CPU.ActiveCfg = Release|Any CPU
		{38FC16B0-2ECD-4481-AFF1-DAD1E60AA775}.Release|Any CPU.Build.0 = Release|Any CPU
		{38FC16B0-2ECD-4481-AFF1-DAD1E60AA775}.Release|x64.ActiveCfg = Release|Any CPU
		{38FC16B0-2ECD-4481-AFF1-DAD1E60AA775}.Release|x64.Build.0 = Release|Any CPU
		{38FC16B0-2ECD-4481-AFF1-DAD1E60AA775}.Release|x86.ActiveCfg = Release|Any CPU
		{38FC16B0-2ECD-4481-AFF1-DAD1E60AA775}.Release|x86.Build.0 = Release|Any CPU
	EndGlobalSection
	GlobalSection(SolutionProperties) = preSolution
		HideSolutionNode = FALSE
	EndGlobalSection
	GlobalSection(NestedProjects) = preSolution
		{2776EEDD-E18D-4456-AD31-FD83DAF55640} = {628A6728-8FD2-2F2B-CBE6-CFCE3CD15DEA}
		{DA14DE79-6455-4346-8532-72ABDB62488F} = {628A6728-8FD2-2F2B-CBE6-CFCE3CD15DEA}
		{849C992F-40C1-49B1-B8DA-1707436BDC18} = {628A6728-8FD2-2F2B-CBE6-CFCE3CD15DEA}
		{86B7B76D-939E-43CB-B0D1-7204720F1D2B} = {0D502CB4-2678-4901-9B60-A74053C7BF91}
		{46A25055-67E2-4E15-B69D-71C518A6E218} = {0D502CB4-2678-4901-9B60-A74053C7BF91}
		{38FC16B0-2ECD-4481-AFF1-DAD1E60AA775} = {0D502CB4-2678-4901-9B60-A74053C7BF91}
	EndGlobalSection
EndGlobal
